
Microsoft Visual Studio Solution File, Format Version 12.00
# Visual Studio Version 16
VisualStudioVersion = 16.0.33801.447
MinimumVisualStudioVersion = 10.0.40219.1
Project("{FAE04EC0-301F-11D3-BF4B-00C04F79EFBC}") = "TeleCallingApp", "TeleCallingApp\TeleCallingApp.csproj", "{A18D488E-55E6-4347-AAAB-7C2ED6B54597}"
EndProject
Global
	GlobalSection(SolutionConfigurationPlatforms) = preSolution
		Debug|Any CPU = Debug|Any CPU
		Release|Any CPU = Release|Any CPU
	EndGlobalSection
	GlobalSection(ProjectConfigurationPlatforms) = postSolution
		{A18D488E-55E6-4347-AAAB-7C2ED6B54597}.Debug|Any CPU.ActiveCfg = Debug|Any CPU
		{A18D488E-55E6-4347-AAAB-7C2ED6B54597}.Debug|Any CPU.Build.0 = Debug|Any CPU
		{A18D488E-55E6-4347-AAAB-7C2ED6B54597}.Release|Any CPU.ActiveCfg = Release|Any CPU
		{A18D488E-55E6-4347-AAAB-7C2ED6B54597}.Release|Any CPU.Build.0 = Release|Any CPU
	EndGlobalSection
	GlobalSection(SolutionProperties) = preSolution
		HideSolutionNode = FALSE
	EndGlobalSection
	GlobalSection(ExtensibilityGlobals) = postSolution
		SolutionGuid = {F81457D2-075C-40D5-8EDF-55D0E64F5BC0}
	EndGlobalSection
EndGlobal
